
Microsoft Visual Studio Solution File, Format Version 12.00
# Visual Studio Version 16
VisualStudioVersion = 16.0.30804.86
MinimumVisualStudioVersion = 10.0.40219.1
Project("{9A19103F-16F7-4668-BE54-9A1E7A4F7556}") = "13 Roman to Integer", "13 Roman to Integer\13 Roman to Integer.csproj", "{937B5EA2-DCFC-4503-887D-37F760440E7F}"
EndProject
Project("{FAE04EC0-301F-11D3-BF4B-00C04F79EFBC}") = "20 Valid Parentheses", "20 Valid Parentheses\20 Valid Parentheses.csproj", "{B0082104-4DFC-42C1-BD30-FEA309C19BBB}"
EndProject
Global
	GlobalSection(SolutionConfigurationPlatforms) = preSolution
		Debug|Any CPU = Debug|Any CPU
		Release|Any CPU = Release|Any CPU
	EndGlobalSection
	GlobalSection(ProjectConfigurationPlatforms) = postSolution
		{937B5EA2-DCFC-4503-887D-37F760440E7F}.Debug|Any CPU.ActiveCfg = Debug|Any CPU
		{937B5EA2-DCFC-4503-887D-37F760440E7F}.Debug|Any CPU.Build.0 = Debug|Any CPU
		{937B5EA2-DCFC-4503-887D-37F760440E7F}.Release|Any CPU.ActiveCfg = Release|Any CPU
		{937B5EA2-DCFC-4503-887D-37F760440E7F}.Release|Any CPU.Build.0 = Release|Any CPU
		{B0082104-4DFC-42C1-BD30-FEA309C19BBB}.Debug|Any CPU.ActiveCfg = Debug|Any CPU
		{B0082104-4DFC-42C1-BD30-FEA309C19BBB}.Debug|Any CPU.Build.0 = Debug|Any CPU
		{B0082104-4DFC-42C1-BD30-FEA309C19BBB}.Release|Any CPU.ActiveCfg = Release|Any CPU
		{B0082104-4DFC-42C1-BD30-FEA309C19BBB}.Release|Any CPU.Build.0 = Release|Any CPU
	EndGlobalSection
	GlobalSection(SolutionProperties) = preSolution
		HideSolutionNode = FALSE
	EndGlobalSection
	GlobalSection(ExtensibilityGlobals) = postSolution
		SolutionGuid = {6FAECB2B-D501-4C1F-9650-CAC56B95DD83}
	EndGlobalSection
EndGlobal
